
Microsoft Visual Studio Solution File, Format Version 11.00
# Visual Studio 2010
Project("{FAE04EC0-301F-11D3-BF4B-00C04F79EFBC}") = "Assembly-CSharp", "Assembly-CSharp.csproj", "{4388F3A0-357E-3AA3-0116-135D307CC1F1}"
EndProject
Project("{FAE04EC0-301F-11D3-BF4B-00C04F79EFBC}") = "Assembly-CSharp-Editor", "Assembly-CSharp-Editor.csproj", "{F59D6497-EA15-ECE0-7938-F17A830B8DD5}"
EndProject
Global
	GlobalSection(SolutionConfigurationPlatforms) = preSolution
		Debug|Any CPU = Debug|Any CPU
		Release|Any CPU = Release|Any CPU
	EndGlobalSection
	GlobalSection(ProjectConfigurationPlatforms) = postSolution
		{4388F3A0-357E-3AA3-0116-135D307CC1F1}.Debug|Any CPU.ActiveCfg = Debug|Any CPU
		{4388F3A0-357E-3AA3-0116-135D307CC1F1}.Debug|Any CPU.Build.0 = Debug|Any CPU
		{4388F3A0-357E-3AA3-0116-135D307CC1F1}.Release|Any CPU.ActiveCfg = Release|Any CPU
		{4388F3A0-357E-3AA3-0116-135D307CC1F1}.Release|Any CPU.Build.0 = Release|Any CPU
		{F59D6497-EA15-ECE0-7938-F17A830B8DD5}.Debug|Any CPU.ActiveCfg = Debug|Any CPU
		{F59D6497-EA15-ECE0-7938-F17A830B8DD5}.Debug|Any CPU.Build.0 = Debug|Any CPU
		{F59D6497-EA15-ECE0-7938-F17A830B8DD5}.Release|Any CPU.ActiveCfg = Release|Any CPU
		{F59D6497-EA15-ECE0-7938-F17A830B8DD5}.Release|Any CPU.Build.0 = Release|Any CPU
	EndGlobalSection
	GlobalSection(SolutionProperties) = preSolution
		HideSolutionNode = FALSE
	EndGlobalSection
EndGlobal
